
Microsoft Visual Studio Solution File, Format Version 12.00
# Visual Studio 2017
Project("{FAE04EC0-301F-11D3-BF4B-00C04F79EFBC}") = "AON", "AON.csproj", "{779CA7F7-39AB-8D26-0D2B-8FE04E41D8A4}"
EndProject
Global
	GlobalSection(SolutionConfigurationPlatforms) = preSolution
		Debug|Any CPU = Debug|Any CPU
		Release|Any CPU = Release|Any CPU
	EndGlobalSection
	GlobalSection(ProjectConfigurationPlatforms) = postSolution
		{779CA7F7-39AB-8D26-0D2B-8FE04E41D8A4}.Debug|Any CPU.ActiveCfg = Debug|Any CPU
		{779CA7F7-39AB-8D26-0D2B-8FE04E41D8A4}.Debug|Any CPU.Build.0 = Debug|Any CPU
		{779CA7F7-39AB-8D26-0D2B-8FE04E41D8A4}.Release|Any CPU.ActiveCfg = Release|Any CPU
		{779CA7F7-39AB-8D26-0D2B-8FE04E41D8A4}.Release|Any CPU.Build.0 = Release|Any CPU
	EndGlobalSection
	GlobalSection(SolutionProperties) = preSolution
		HideSolutionNode = FALSE
	EndGlobalSection
EndGlobal
